
Microsoft Visual Studio Solution File, Format Version 12.00
# Visual Studio Version 16
VisualStudioVersion = 16.0.29424.173
MinimumVisualStudioVersion = 10.0.40219.1
Project("{FAE04EC0-301F-11D3-BF4B-00C04F79EFBC}") = "TotalForum", "TotalForum\TotalForum.csproj", "{DB0FE742-68AA-499B-A650-154DDA36AA2D}"
EndProject
Project("{FAE04EC0-301F-11D3-BF4B-00C04F79EFBC}") = "TotalForumTest", "TotalForumTest\TotalForumTest.csproj", "{5EAB961F-5981-47C8-8F01-CDFA0E9D5794}"
EndProject
Global
	GlobalSection(SolutionConfigurationPlatforms) = preSolution
		Debug|Any CPU = Debug|Any CPU
		Release|Any CPU = Release|Any CPU
	EndGlobalSection
	GlobalSection(ProjectConfigurationPlatforms) = postSolution
		{DB0FE742-68AA-499B-A650-154DDA36AA2D}.Debug|Any CPU.ActiveCfg = Debug|Any CPU
		{DB0FE742-68AA-499B-A650-154DDA36AA2D}.Debug|Any CPU.Build.0 = Debug|Any CPU
		{DB0FE742-68AA-499B-A650-154DDA36AA2D}.Release|Any CPU.ActiveCfg = Release|Any CPU
		{DB0FE742-68AA-499B-A650-154DDA36AA2D}.Release|Any CPU.Build.0 = Release|Any CPU
		{5EAB961F-5981-47C8-8F01-CDFA0E9D5794}.Debug|Any CPU.ActiveCfg = Debug|Any CPU
		{5EAB961F-5981-47C8-8F01-CDFA0E9D5794}.Debug|Any CPU.Build.0 = Debug|Any CPU
		{5EAB961F-5981-47C8-8F01-CDFA0E9D5794}.Release|Any CPU.ActiveCfg = Release|Any CPU
		{5EAB961F-5981-47C8-8F01-CDFA0E9D5794}.Release|Any CPU.Build.0 = Release|Any CPU
	EndGlobalSection
	GlobalSection(SolutionProperties) = preSolution
		HideSolutionNode = FALSE
	EndGlobalSection
	GlobalSection(ExtensibilityGlobals) = postSolution
		SolutionGuid = {DB7E11F7-86BC-4B38-9214-EC707C0FED28}
	EndGlobalSection
EndGlobal
